
Microsoft Visual Studio Solution File, Format Version 12.00
# Visual Studio 2013
VisualStudioVersion = 12.0.0.0
MinimumVisualStudioVersion = 10.0.0.1
Project("{FAE04EC0-301F-11D3-BF4B-00C04F79EFBC}") = "Configuration", "Configuration\Configuration.csproj", "{CE6DFC8A-D1C3-41FA-B3E9-D1242C547DF5}"
EndProject
Project("{FAE04EC0-301F-11D3-BF4B-00C04F79EFBC}") = "Configuraion.Test", "Configuraion.Test\Configuraion.Test.csproj", "{2967D90A-A896-497B-AC48-F55BF04648F7}"
EndProject
Global
	GlobalSection(SolutionConfigurationPlatforms) = preSolution
		Debug|Any CPU = Debug|Any CPU
		Release|Any CPU = Release|Any CPU
	EndGlobalSection
	GlobalSection(ProjectConfigurationPlatforms) = postSolution
		{CE6DFC8A-D1C3-41FA-B3E9-D1242C547DF5}.Debug|Any CPU.ActiveCfg = Debug|Any CPU
		{CE6DFC8A-D1C3-41FA-B3E9-D1242C547DF5}.Debug|Any CPU.Build.0 = Debug|Any CPU
		{CE6DFC8A-D1C3-41FA-B3E9-D1242C547DF5}.Release|Any CPU.ActiveCfg = Release|Any CPU
		{CE6DFC8A-D1C3-41FA-B3E9-D1242C547DF5}.Release|Any CPU.Build.0 = Release|Any CPU
		{2967D90A-A896-497B-AC48-F55BF04648F7}.Debug|Any CPU.ActiveCfg = Debug|Any CPU
		{2967D90A-A896-497B-AC48-F55BF04648F7}.Debug|Any CPU.Build.0 = Debug|Any CPU
		{2967D90A-A896-497B-AC48-F55BF04648F7}.Release|Any CPU.ActiveCfg = Release|Any CPU
		{2967D90A-A896-497B-AC48-F55BF04648F7}.Release|Any CPU.Build.0 = Release|Any CPU
	EndGlobalSection
	GlobalSection(SolutionProperties) = preSolution
		HideSolutionNode = FALSE
	EndGlobalSection
EndGlobal
